
Microsoft Visual Studio Solution File, Format Version 12.00
# Visual Studio Version 17
VisualStudioVersion = 17.14.37203.1
MinimumVisualStudioVersion = 10.0.40219.1
Project("{FAE04EC0-301F-11D3-BF4B-00C04F79EFBC}") = "HelloWorld", "HelloWorld\HelloWorld.csproj", "{DDFE7784-1AE8-4C19-8F56-DA6C83DE0D89}"
EndProject
Global
	GlobalSection(SolutionConfigurationPlatforms) = preSolution
		Debug|Any CPU = Debug|Any CPU
		Release|Any CPU = Release|Any CPU
	EndGlobalSection
	GlobalSection(ProjectConfigurationPlatforms) = postSolution
		{DDFE7784-1AE8-4C19-8F56-DA6C83DE0D89}.Debug|Any CPU.ActiveCfg = Debug|Any CPU
		{DDFE7784-1AE8-4C19-8F56-DA6C83DE0D89}.Debug|Any CPU.Build.0 = Debug|Any CPU
		{DDFE7784-1AE8-4C19-8F56-DA6C83DE0D89}.Release|Any CPU.ActiveCfg = Release|Any CPU
		{DDFE7784-1AE8-4C19-8F56-DA6C83DE0D89}.Release|Any CPU.Build.0 = Release|Any CPU
	EndGlobalSection
	GlobalSection(SolutionProperties) = preSolution
		HideSolutionNode = FALSE
	EndGlobalSection
	GlobalSection(ExtensibilityGlobals) = postSolution
		SolutionGuid = {494957C3-6058-4148-AD50-D8AA74D3122B}
	EndGlobalSection
EndGlobal
